// !$*UTF8*$!
{
	archiveVersion = 1;
	classes = {
	};
	objectVersion = 46;
	objects = {

/* Begin PBXBuildFile section */
		74FA786DA9A847B790175A7D /* libPods.a in Frameworks */ = {isa = PBXBuildFile; fileRef = 41C816870B4943619F1465B8 /* libPods.a */; };
		84039A77197E16E200D3183F /* SearchableViewController.m in Sources */ = {isa = PBXBuildFile; fileRef = 84039A76197E16E200D3183F /* SearchableViewController.m */; };
		8410CD9E1981F0E9000C62C1 /* TableViewCell.m in Sources */ = {isa = PBXBuildFile; fileRef = 8410CD9D1981F0E9000C62C1 /* TableViewCell.m */; };
		8410CDA21981F26B000C62C1 /* jooblix-book.png in Resources */ = {isa = PBXBuildFile; fileRef = 8410CD9F1981F26B000C62C1 /* jooblix-book.png */; };
		8410CDA31981F26B000C62C1 /* jooblix-cal.png in Resources */ = {isa = PBXBuildFile; fileRef = 8410CDA01981F26B000C62C1 /* jooblix-cal.png */; };
		8410CDA41981F26B000C62C1 /* jooblix-clock.png in Resources */ = {isa = PBXBuildFile; fileRef = 8410CDA11981F26B000C62C1 /* jooblix-clock.png */; };
		8410CDA71981F815000C62C1 /* J2OUILabel.m in Sources */ = {isa = PBXBuildFile; fileRef = 8410CDA61981F815000C62C1 /* J2OUILabel.m */; };
		8430323D197B893200E8FEF7 /* DataUpdater.m in Sources */ = {isa = PBXBuildFile; fileRef = 8430323C197B893200E8FEF7 /* DataUpdater.m */; };
		84303245197BB72F00E8FEF7 /* eurof35.ttf in Resources */ = {isa = PBXBuildFile; fileRef = 84303244197BB72F00E8FEF7 /* eurof35.ttf */; };
		84303247197BBB5500E8FEF7 /* CoreData.framework in Frameworks */ = {isa = PBXBuildFile; fileRef = 84303246197BBB5500E8FEF7 /* CoreData.framework */; };
		8430324A197BBB7A00E8FEF7 /* Model.xcdatamodeld in Sources */ = {isa = PBXBuildFile; fileRef = 84303248197BBB7A00E8FEF7 /* Model.xcdatamodeld */; };
		84303259197BC12C00E8FEF7 /* Task.m in Sources */ = {isa = PBXBuildFile; fileRef = 84303258197BC12C00E8FEF7 /* Task.m */; };
		8430325C197BC12C00E8FEF7 /* Group.m in Sources */ = {isa = PBXBuildFile; fileRef = 8430325B197BC12C00E8FEF7 /* Group.m */; };
		8451E9511979D2BE00D735BB /* Foundation.framework in Frameworks */ = {isa = PBXBuildFile; fileRef = 8451E9501979D2BE00D735BB /* Foundation.framework */; };
		8451E9531979D2BE00D735BB /* CoreGraphics.framework in Frameworks */ = {isa = PBXBuildFile; fileRef = 8451E9521979D2BE00D735BB /* CoreGraphics.framework */; };
		8451E9551979D2BE00D735BB /* UIKit.framework in Frameworks */ = {isa = PBXBuildFile; fileRef = 8451E9541979D2BE00D735BB /* UIKit.framework */; };
		8451E95B1979D2BE00D735BB /* InfoPlist.strings in Resources */ = {isa = PBXBuildFile; fileRef = 8451E9591979D2BE00D735BB /* InfoPlist.strings */; };
		8451E95D1979D2BE00D735BB /* main.m in Sources */ = {isa = PBXBuildFile; fileRef = 8451E95C1979D2BE00D735BB /* main.m */; };
		8451E9611979D2BE00D735BB /* AppDelegate.m in Sources */ = {isa = PBXBuildFile; fileRef = 8451E9601979D2BE00D735BB /* AppDelegate.m */; };
		8451E9671979D2BE00D735BB /* ViewController.m in Sources */ = {isa = PBXBuildFile; fileRef = 8451E9661979D2BE00D735BB /* ViewController.m */; };
		8451E9691979D2BE00D735BB /* Images.xcassets in Resources */ = {isa = PBXBuildFile; fileRef = 8451E9681979D2BE00D735BB /* Images.xcassets */; };
		8451E9701979D2BE00D735BB /* XCTest.framework in Frameworks */ = {isa = PBXBuildFile; fileRef = 8451E96F1979D2BE00D735BB /* XCTest.framework */; };
		8451E9711979D2BE00D735BB /* Foundation.framework in Frameworks */ = {isa = PBXBuildFile; fileRef = 8451E9501979D2BE00D735BB /* Foundation.framework */; };
		8451E9721979D2BE00D735BB /* UIKit.framework in Frameworks */ = {isa = PBXBuildFile; fileRef = 8451E9541979D2BE00D735BB /* UIKit.framework */; };
		8451E97A1979D2BE00D735BB /* InfoPlist.strings in Resources */ = {isa = PBXBuildFile; fileRef = 8451E9781979D2BE00D735BB /* InfoPlist.strings */; };
		8451E97C1979D2BE00D735BB /* jooblixTests.m in Sources */ = {isa = PBXBuildFile; fileRef = 8451E97B1979D2BE00D735BB /* jooblixTests.m */; };
		84B11FB6197E474100F02BC4 /* JoinGroupViewController.m in Sources */ = {isa = PBXBuildFile; fileRef = 84B11FB5197E474100F02BC4 /* JoinGroupViewController.m */; };
		84B11FB9197E49E400F02BC4 /* AvailableGroup.m in Sources */ = {isa = PBXBuildFile; fileRef = 84B11FB8197E49E400F02BC4 /* AvailableGroup.m */; };
/* End PBXBuildFile section */

/* Begin PBXContainerItemProxy section */
		8451E9731979D2BE00D735BB /* PBXContainerItemProxy */ = {
			isa = PBXContainerItemProxy;
			containerPortal = 8451E9451979D2BE00D735BB /* Project object */;
			proxyType = 1;
			remoteGlobalIDString = 8451E94C1979D2BE00D735BB;
			remoteInfo = jooblix;
		};
/* End PBXContainerItemProxy section */

/* Begin PBXFileReference section */
		3B1BA925A62F42EA913ABE1B /* Pods.xcconfig */ = {isa = PBXFileReference; includeInIndex = 1; lastKnownFileType = text.xcconfig; name = Pods.xcconfig; path = Pods/Pods.xcconfig; sourceTree = "<group>"; };
		41C816870B4943619F1465B8 /* libPods.a */ = {isa = PBXFileReference; explicitFileType = archive.ar; includeInIndex = 0; path = libPods.a; sourceTree = BUILT_PRODUCTS_DIR; };
		84039A75197E16E200D3183F /* SearchableViewController.h */ = {isa = PBXFileReference; fileEncoding = 4; lastKnownFileType = sourcecode.c.h; path = SearchableViewController.h; sourceTree = "<group>"; };
		84039A76197E16E200D3183F /* SearchableViewController.m */ = {isa = PBXFileReference; fileEncoding = 4; lastKnownFileType = sourcecode.c.objc; path = SearchableViewController.m; sourceTree = "<group>"; };
		8410CD9C1981F0E9000C62C1 /* TableViewCell.h */ = {isa = PBXFileReference; fileEncoding = 4; lastKnownFileType = sourcecode.c.h; path = TableViewCell.h; sourceTree = "<group>"; };
		8410CD9D1981F0E9000C62C1 /* TableViewCell.m */ = {isa = PBXFileReference; fileEncoding = 4; lastKnownFileType = sourcecode.c.objc; path = TableViewCell.m; sourceTree = "<group>"; };
		8410CD9F1981F26B000C62C1 /* jooblix-book.png */ = {isa = PBXFileReference; lastKnownFileType = image.png; path = "jooblix-book.png"; sourceTree = "<group>"; };
		8410CDA01981F26B000C62C1 /* jooblix-cal.png */ = {isa = PBXFileReference; lastKnownFileType = image.png; path = "jooblix-cal.png"; sourceTree = "<group>"; };
		8410CDA11981F26B000C62C1 /* jooblix-clock.png */ = {isa = PBXFileReference; lastKnownFileType = image.png; path = "jooblix-clock.png"; sourceTree = "<group>"; };
		8410CDA51981F815000C62C1 /* J2OUILabel.h */ = {isa = PBXFileReference; fileEncoding = 4; lastKnownFileType = sourcecode.c.h; path = J2OUILabel.h; sourceTree = "<group>"; };
		8410CDA61981F815000C62C1 /* J2OUILabel.m */ = {isa = PBXFileReference; fileEncoding = 4; lastKnownFileType = sourcecode.c.objc; path = J2OUILabel.m; sourceTree = "<group>"; };
		8430323B197B893100E8FEF7 /* DataUpdater.h */ = {isa = PBXFileReference; fileEncoding = 4; lastKnownFileType = sourcecode.c.h; path = DataUpdater.h; sourceTree = "<group>"; };
		8430323C197B893200E8FEF7 /* DataUpdater.m */ = {isa = PBXFileReference; fileEncoding = 4; lastKnownFileType = sourcecode.c.objc; path = DataUpdater.m; sourceTree = "<group>"; };
		8430323E197B9FF500E8FEF7 /* Constant.h */ = {isa = PBXFileReference; fileEncoding = 4; lastKnownFileType = sourcecode.c.h; path = Constant.h; sourceTree = "<group>"; };
		84303244197BB72F00E8FEF7 /* eurof35.ttf */ = {isa = PBXFileReference; lastKnownFileType = file; path = eurof35.ttf; sourceTree = "<group>"; };
		84303246197BBB5500E8FEF7 /* CoreData.framework */ = {isa = PBXFileReference; lastKnownFileType = wrapper.framework; name = CoreData.framework; path = System/Library/Frameworks/CoreData.framework; sourceTree = SDKROOT; };
		84303249197BBB7A00E8FEF7 /* Model.xcdatamodel */ = {isa = PBXFileReference; lastKnownFileType = wrapper.xcdatamodel; path = Model.xcdatamodel; sourceTree = "<group>"; };
		84303257197BC12C00E8FEF7 /* Task.h */ = {isa = PBXFileReference; fileEncoding = 4; lastKnownFileType = sourcecode.c.h; path = Task.h; sourceTree = "<group>"; };
		84303258197BC12C00E8FEF7 /* Task.m */ = {isa = PBXFileReference; fileEncoding = 4; lastKnownFileType = sourcecode.c.objc; path = Task.m; sourceTree = "<group>"; };
		8430325A197BC12C00E8FEF7 /* Group.h */ = {isa = PBXFileReference; fileEncoding = 4; lastKnownFileType = sourcecode.c.h; path = Group.h; sourceTree = "<group>"; };
		8430325B197BC12C00E8FEF7 /* Group.m */ = {isa = PBXFileReference; fileEncoding = 4; lastKnownFileType = sourcecode.c.objc; path = Group.m; sourceTree = "<group>"; };
		8430329E197BE60600E8FEF7 /* FetchProtocol.h */ = {isa = PBXFileReference; lastKnownFileType = sourcecode.c.h; path = FetchProtocol.h; sourceTree = "<group>"; };
		8451E94D1979D2BE00D735BB /* jooblix.app */ = {isa = PBXFileReference; explicitFileType = wrapper.application; includeInIndex = 0; path = jooblix.app; sourceTree = BUILT_PRODUCTS_DIR; };
		8451E9501979D2BE00D735BB /* Foundation.framework */ = {isa = PBXFileReference; lastKnownFileType = wrapper.framework; name = Foundation.framework; path = System/Library/Frameworks/Foundation.framework; sourceTree = SDKROOT; };
		8451E9521979D2BE00D735BB /* CoreGraphics.framework */ = {isa = PBXFileReference; lastKnownFileType = wrapper.framework; name = CoreGraphics.framework; path = System/Library/Frameworks/CoreGraphics.framework; sourceTree = SDKROOT; };
		8451E9541979D2BE00D735BB /* UIKit.framework */ = {isa = PBXFileReference; lastKnownFileType = wrapper.framework; name = UIKit.framework; path = System/Library/Frameworks/UIKit.framework; sourceTree = SDKROOT; };
		8451E9581979D2BE00D735BB /* jooblix-Info.plist */ = {isa = PBXFileReference; lastKnownFileType = text.plist.xml; path = "jooblix-Info.plist"; sourceTree = "<group>"; };
		8451E95A1979D2BE00D735BB /* en */ = {isa = PBXFileReference; lastKnownFileType = text.plist.strings; name = en; path = en.lproj/InfoPlist.strings; sourceTree = "<group>"; };
		8451E95C1979D2BE00D735BB /* main.m */ = {isa = PBXFileReference; lastKnownFileType = sourcecode.c.objc; path = main.m; sourceTree = "<group>"; };
		8451E95E1979D2BE00D735BB /* jooblix-Prefix.pch */ = {isa = PBXFileReference; lastKnownFileType = sourcecode.c.h; path = "jooblix-Prefix.pch"; sourceTree = "<group>"; };
		8451E95F1979D2BE00D735BB /* AppDelegate.h */ = {isa = PBXFileReference; lastKnownFileType = sourcecode.c.h; path = AppDelegate.h; sourceTree = "<group>"; };
		8451E9601979D2BE00D735BB /* AppDelegate.m */ = {isa = PBXFileReference; lastKnownFileType = sourcecode.c.objc; path = AppDelegate.m; sourceTree = "<group>"; };
		8451E9651979D2BE00D735BB /* ViewController.h */ = {isa = PBXFileReference; lastKnownFileType = sourcecode.c.h; path = ViewController.h; sourceTree = "<group>"; };
		8451E9661979D2BE00D735BB /* ViewController.m */ = {isa = PBXFileReference; lastKnownFileType = sourcecode.c.objc; path = ViewController.m; sourceTree = "<group>"; };
		8451E9681979D2BE00D735BB /* Images.xcassets */ = {isa = PBXFileReference; lastKnownFileType = folder.assetcatalog; path = Images.xcassets; sourceTree = "<group>"; };
		8451E96E1979D2BE00D735BB /* jooblixTests.xctest */ = {isa = PBXFileReference; explicitFileType = wrapper.cfbundle; includeInIndex = 0; path = jooblixTests.xctest; sourceTree = BUILT_PRODUCTS_DIR; };
		8451E96F1979D2BE00D735BB /* XCTest.framework */ = {isa = PBXFileReference; lastKnownFileType = wrapper.framework; name = XCTest.framework; path = Library/Frameworks/XCTest.framework; sourceTree = DEVELOPER_DIR; };
		8451E9771979D2BE00D735BB /* jooblixTests-Info.plist */ = {isa = PBXFileReference; lastKnownFileType = text.plist.xml; path = "jooblixTests-Info.plist"; sourceTree = "<group>"; };
		8451E9791979D2BE00D735BB /* en */ = {isa = PBXFileReference; lastKnownFileType = text.plist.strings; name = en; path = en.lproj/InfoPlist.strings; sourceTree = "<group>"; };
		8451E97B1979D2BE00D735BB /* jooblixTests.m */ = {isa = PBXFileReference; lastKnownFileType = sourcecode.c.objc; path = jooblixTests.m; sourceTree = "<group>"; };
		84B11FB3197E37FA00F02BC4 /* NotifyProtocol.h */ = {isa = PBXFileReference; lastKnownFileType = sourcecode.c.h; path = NotifyProtocol.h; sourceTree = "<group>"; };
		84B11FB4197E474000F02BC4 /* JoinGroupViewController.h */ = {isa = PBXFileReference; fileEncoding = 4; lastKnownFileType = sourcecode.c.h; path = JoinGroupViewController.h; sourceTree = "<group>"; };
		84B11FB5197E474100F02BC4 /* JoinGroupViewController.m */ = {isa = PBXFileReference; fileEncoding = 4; lastKnownFileType = sourcecode.c.objc; path = JoinGroupViewController.m; sourceTree = "<group>"; };
		84B11FB7197E49E400F02BC4 /* AvailableGroup.h */ = {isa = PBXFileReference; fileEncoding = 4; lastKnownFileType = sourcecode.c.h; path = AvailableGroup.h; sourceTree = "<group>"; };
		84B11FB8197E49E400F02BC4 /* AvailableGroup.m */ = {isa = PBXFileReference; fileEncoding = 4; lastKnownFileType = sourcecode.c.objc; path = AvailableGroup.m; sourceTree = "<group>"; };
/* End PBXFileReference section */

/* Begin PBXFrameworksBuildPhase section */
		8451E94A1979D2BE00D735BB /* Frameworks */ = {
			isa = PBXFrameworksBuildPhase;
			buildActionMask = 2147483647;
			files = (
				84303247197BBB5500E8FEF7 /* CoreData.framework in Frameworks */,
				8451E9531979D2BE00D735BB /* CoreGraphics.framework in Frameworks */,
				8451E9551979D2BE00D735BB /* UIKit.framework in Frameworks */,
				8451E9511979D2BE00D735BB /* Foundation.framework in Frameworks */,
				74FA786DA9A847B790175A7D /* libPods.a in Frameworks */,
			);
			runOnlyForDeploymentPostprocessing = 0;
		};
		8451E96B1979D2BE00D735BB /* Frameworks */ = {
			isa = PBXFrameworksBuildPhase;
			buildActionMask = 2147483647;
			files = (
				8451E9701979D2BE00D735BB /* XCTest.framework in Frameworks */,
				8451E9721979D2BE00D735BB /* UIKit.framework in Frameworks */,
				8451E9711979D2BE00D735BB /* Foundation.framework in Frameworks */,
			);
			runOnlyForDeploymentPostprocessing = 0;
		};
/* End PBXFrameworksBuildPhase section */

/* Begin PBXGroup section */
		8451E9441979D2BE00D735BB = {
			isa = PBXGroup;
			children = (
				8451E9561979D2BE00D735BB /* jooblix */,
				8451E9751979D2BE00D735BB /* jooblixTests */,
				8451E94F1979D2BE00D735BB /* Frameworks */,
				8451E94E1979D2BE00D735BB /* Products */,
				3B1BA925A62F42EA913ABE1B /* Pods.xcconfig */,
			);
			sourceTree = "<group>";
		};
		8451E94E1979D2BE00D735BB /* Products */ = {
			isa = PBXGroup;
			children = (
				8451E94D1979D2BE00D735BB /* jooblix.app */,
				8451E96E1979D2BE00D735BB /* jooblixTests.xctest */,
			);
			name = Products;
			sourceTree = "<group>";
		};
		8451E94F1979D2BE00D735BB /* Frameworks */ = {
			isa = PBXGroup;
			children = (
				84303246197BBB5500E8FEF7 /* CoreData.framework */,
				8451E9501979D2BE00D735BB /* Foundation.framework */,
				8451E9521979D2BE00D735BB /* CoreGraphics.framework */,
				8451E9541979D2BE00D735BB /* UIKit.framework */,
				8451E96F1979D2BE00D735BB /* XCTest.framework */,
				41C816870B4943619F1465B8 /* libPods.a */,
			);
			name = Frameworks;
			sourceTree = "<group>";
		};
		8451E9561979D2BE00D735BB /* jooblix */ = {
			isa = PBXGroup;
			children = (
				8410CD9F1981F26B000C62C1 /* jooblix-book.png */,
				8410CDA01981F26B000C62C1 /* jooblix-cal.png */,
				8410CDA11981F26B000C62C1 /* jooblix-clock.png */,
				8451E95F1979D2BE00D735BB /* AppDelegate.h */,
				8451E9601979D2BE00D735BB /* AppDelegate.m */,
				8430323B197B893100E8FEF7 /* DataUpdater.h */,
				8430323C197B893200E8FEF7 /* DataUpdater.m */,
				8430329E197BE60600E8FEF7 /* FetchProtocol.h */,
				84B11FB3197E37FA00F02BC4 /* NotifyProtocol.h */,
				8430323E197B9FF500E8FEF7 /* Constant.h */,
				84303248197BBB7A00E8FEF7 /* Model.xcdatamodeld */,
				84B11FB7197E49E400F02BC4 /* AvailableGroup.h */,
				84B11FB8197E49E400F02BC4 /* AvailableGroup.m */,
				8430325A197BC12C00E8FEF7 /* Group.h */,
				8430325B197BC12C00E8FEF7 /* Group.m */,
				84303257197BC12C00E8FEF7 /* Task.h */,
				84303258197BC12C00E8FEF7 /* Task.m */,
				8451E9651979D2BE00D735BB /* ViewController.h */,
				8451E9661979D2BE00D735BB /* ViewController.m */,
				84B11FB4197E474000F02BC4 /* JoinGroupViewController.h */,
				84B11FB5197E474100F02BC4 /* JoinGroupViewController.m */,
				84039A75197E16E200D3183F /* SearchableViewController.h */,
				84039A76197E16E200D3183F /* SearchableViewController.m */,
				8410CD9C1981F0E9000C62C1 /* TableViewCell.h */,
				8410CD9D1981F0E9000C62C1 /* TableViewCell.m */,
				8410CDA51981F815000C62C1 /* J2OUILabel.h */,
				8410CDA61981F815000C62C1 /* J2OUILabel.m */,
				8451E9681979D2BE00D735BB /* Images.xcassets */,
				8451E9571979D2BE00D735BB /* Supporting Files */,
			);
			path = jooblix;
			sourceTree = "<group>";
		};
		8451E9571979D2BE00D735BB /* Supporting Files */ = {
			isa = PBXGroup;
			children = (
				8451E9581979D2BE00D735BB /* jooblix-Info.plist */,
				84303244197BB72F00E8FEF7 /* eurof35.ttf */,
				8451E9591979D2BE00D735BB /* InfoPlist.strings */,
				8451E95C1979D2BE00D735BB /* main.m */,
				8451E95E1979D2BE00D735BB /* jooblix-Prefix.pch */,
			);
			name = "Supporting Files";
			sourceTree = "<group>";
		};
		8451E9751979D2BE00D735BB /* jooblixTests */ = {
			isa = PBXGroup;
			children = (
				8451E9761979D2BE00D735BB /* Supporting Files */,
			);
			path = jooblixTests;
			sourceTree = "<group>";
		};
		8451E9761979D2BE00D735BB /* Supporting Files */ = {
			isa = PBXGroup;
			children = (
				8451E9771979D2BE00D735BB /* jooblixTests-Info.plist */,
				8451E97B1979D2BE00D735BB /* jooblixTests.m */,
				8451E9781979D2BE00D735BB /* InfoPlist.strings */,
			);
			name = "Supporting Files";
			sourceTree = "<group>";
		};
/* End PBXGroup section */

/* Begin PBXNativeTarget section */
		8451E94C1979D2BE00D735BB /* jooblix */ = {
			isa = PBXNativeTarget;
			buildConfigurationList = 8451E97F1979D2BE00D735BB /* Build configuration list for PBXNativeTarget "jooblix" */;
			buildPhases = (
				0DA68F95D6494E6899B74518 /* Check Pods Manifest.lock */,
				8451E9491979D2BE00D735BB /* Sources */,
				8451E94A1979D2BE00D735BB /* Frameworks */,
				8451E94B1979D2BE00D735BB /* Resources */,
				C83F52118BC941E5BBCAD1EE /* Copy Pods Resources */,
			);
			buildRules = (
			);
			dependencies = (
			);
			name = jooblix;
			productName = jooblix;
			productReference = 8451E94D1979D2BE00D735BB /* jooblix.app */;
			productType = "com.apple.product-type.application";
		};
		8451E96D1979D2BE00D735BB /* jooblixTests */ = {
			isa = PBXNativeTarget;
			buildConfigurationList = 8451E9821979D2BE00D735BB /* Build configuration list for PBXNativeTarget "jooblixTests" */;
			buildPhases = (
				8451E96A1979D2BE00D735BB /* Sources */,
				8451E96B1979D2BE00D735BB /* Frameworks */,
				8451E96C1979D2BE00D735BB /* Resources */,
			);
			buildRules = (
			);
			dependencies = (
				8451E9741979D2BE00D735BB /* PBXTargetDependency */,
			);
			name = jooblixTests;
			productName = jooblixTests;
			productReference = 8451E96E1979D2BE00D735BB /* jooblixTests.xctest */;
			productType = "com.apple.product-type.bundle.unit-test";
		};
/* End PBXNativeTarget section */

/* Begin PBXProject section */
		8451E9451979D2BE00D735BB /* Project object */ = {
			isa = PBXProject;
			attributes = {
				LastUpgradeCheck = 0510;
				ORGANIZATIONNAME = MaximeDavid;
				TargetAttributes = {
					8451E94C1979D2BE00D735BB = {
						DevelopmentTeam = 9XPVZ74VK6;
					};
					8451E96D1979D2BE00D735BB = {
						TestTargetID = 8451E94C1979D2BE00D735BB;
					};
				};
			};
			buildConfigurationList = 8451E9481979D2BE00D735BB /* Build configuration list for PBXProject "jooblix" */;
			compatibilityVersion = "Xcode 3.2";
			developmentRegion = English;
			hasScannedForEncodings = 0;
			knownRegions = (
				en,
				Base,
			);
			mainGroup = 8451E9441979D2BE00D735BB;
			productRefGroup = 8451E94E1979D2BE00D735BB /* Products */;
			projectDirPath = "";
			projectRoot = "";
			targets = (
				8451E94C1979D2BE00D735BB /* jooblix */,
				8451E96D1979D2BE00D735BB /* jooblixTests */,
			);
		};
/* End PBXProject section */

/* Begin PBXResourcesBuildPhase section */
		8451E94B1979D2BE00D735BB /* Resources */ = {
			isa = PBXResourcesBuildPhase;
			buildActionMask = 2147483647;
			files = (
				84303245197BB72F00E8FEF7 /* eurof35.ttf in Resources */,
				8410CDA31981F26B000C62C1 /* jooblix-cal.png in Resources */,
				8410CDA41981F26B000C62C1 /* jooblix-clock.png in Resources */,
				8451E9691979D2BE00D735BB /* Images.xcassets in Resources */,
				8410CDA21981F26B000C62C1 /* jooblix-book.png in Resources */,
				8451E95B1979D2BE00D735BB /* InfoPlist.strings in Resources */,
			);
			runOnlyForDeploymentPostprocessing = 0;
		};
		8451E96C1979D2BE00D735BB /* Resources */ = {
			isa = PBXResourcesBuildPhase;
			buildActionMask = 2147483647;
			files = (
				8451E97A1979D2BE00D735BB /* InfoPlist.strings in Resources */,
			);
			runOnlyForDeploymentPostprocessing = 0;
		};
/* End PBXResourcesBuildPhase section */

/* Begin PBXShellScriptBuildPhase section */
		0DA68F95D6494E6899B74518 /* Check Pods Manifest.lock */ = {
			isa = PBXShellScriptBuildPhase;
			buildActionMask = 2147483647;
			files = (
			);
			inputPaths = (
			);
			name = "Check Pods Manifest.lock";
			outputPaths = (
			);
			runOnlyForDeploymentPostprocessing = 0;
			shellPath = /bin/sh;
			shellScript = "diff \"${PODS_ROOT}/../Podfile.lock\" \"${PODS_ROOT}/Manifest.lock\" > /dev/null\nif [[ $? != 0 ]] ; then\n    cat << EOM\nerror: The sandbox is not in sync with the Podfile.lock. Run 'pod install' or update your CocoaPods installation.\nEOM\n    exit 1\nfi\n";
			showEnvVarsInLog = 0;
		};
		C83F52118BC941E5BBCAD1EE /* Copy Pods Resources */ = {
			isa = PBXShellScriptBuildPhase;
			buildActionMask = 2147483647;
			files = (
			);
			inputPaths = (
			);
			name = "Copy Pods Resources";
			outputPaths = (
			);
			runOnlyForDeploymentPostprocessing = 0;
			shellPath = /bin/sh;
			shellScript = "\"${SRCROOT}/Pods/Pods-resources.sh\"\n";
			showEnvVarsInLog = 0;
		};
/* End PBXShellScriptBuildPhase section */

/* Begin PBXSourcesBuildPhase section */
		8451E9491979D2BE00D735BB /* Sources */ = {
			isa = PBXSourcesBuildPhase;
			buildActionMask = 2147483647;
			files = (
				84303259197BC12C00E8FEF7 /* Task.m in Sources */,
				8451E9671979D2BE00D735BB /* ViewController.m in Sources */,
				8430325C197BC12C00E8FEF7 /* Group.m in Sources */,
				8451E9611979D2BE00D735BB /* AppDelegate.m in Sources */,
				8430324A197BBB7A00E8FEF7 /* Model.xcdatamodeld in Sources */,
				8451E95D1979D2BE00D735BB /* main.m in Sources */,
				84B11FB6197E474100F02BC4 /* JoinGroupViewController.m in Sources */,
				84039A77197E16E200D3183F /* SearchableViewController.m in Sources */,
				8410CDA71981F815000C62C1 /* J2OUILabel.m in Sources */,
				8430323D197B893200E8FEF7 /* DataUpdater.m in Sources */,
				8410CD9E1981F0E9000C62C1 /* TableViewCell.m in Sources */,
				84B11FB9197E49E400F02BC4 /* AvailableGroup.m in Sources */,
			);
			runOnlyForDeploymentPostprocessing = 0;
		};
		8451E96A1979D2BE00D735BB /* Sources */ = {
			isa = PBXSourcesBuildPhase;
			buildActionMask = 2147483647;
			files = (
				8451E97C1979D2BE00D735BB /* jooblixTests.m in Sources */,
			);
			runOnlyForDeploymentPostprocessing = 0;
		};
/* End PBXSourcesBuildPhase section */

/* Begin PBXTargetDependency section */
		8451E9741979D2BE00D735BB /* PBXTargetDependency */ = {
			isa = PBXTargetDependency;
			target = 8451E94C1979D2BE00D735BB /* jooblix */;
			targetProxy = 8451E9731979D2BE00D735BB /* PBXContainerItemProxy */;
		};
/* End PBXTargetDependency section */

/* Begin PBXVariantGroup section */
		8451E9591979D2BE00D735BB /* InfoPlist.strings */ = {
			isa = PBXVariantGroup;
			children = (
				8451E95A1979D2BE00D735BB /* en */,
			);
			name = InfoPlist.strings;
			sourceTree = "<group>";
		};
		8451E9781979D2BE00D735BB /* InfoPlist.strings */ = {
			isa = PBXVariantGroup;
			children = (
				8451E9791979D2BE00D735BB /* en */,
			);
			name = InfoPlist.strings;
			sourceTree = "<group>";
		};
/* End PBXVariantGroup section */

/* Begin XCBuildConfiguration section */
		8451E97D1979D2BE00D735BB /* Debug */ = {
			isa = XCBuildConfiguration;
			buildSettings = {
				ALWAYS_SEARCH_USER_PATHS = NO;
				CLANG_CXX_LANGUAGE_STANDARD = "gnu++0x";
				CLANG_CXX_LIBRARY = "libc++";
				CLANG_ENABLE_MODULES = YES;
				CLANG_ENABLE_OBJC_ARC = YES;
				CLANG_WARN_BOOL_CONVERSION = YES;
				CLANG_WARN_CONSTANT_CONVERSION = YES;
				CLANG_WARN_DIRECT_OBJC_ISA_USAGE = YES_ERROR;
				CLANG_WARN_EMPTY_BODY = YES;
				CLANG_WARN_ENUM_CONVERSION = YES;
				CLANG_WARN_INT_CONVERSION = YES;
				CLANG_WARN_OBJC_ROOT_CLASS = YES_ERROR;
				CLANG_WARN__DUPLICATE_METHOD_MATCH = YES;
				"CODE_SIGN_IDENTITY[sdk=iphoneos*]" = "iPhone Developer";
				COPY_PHASE_STRIP = NO;
				GCC_C_LANGUAGE_STANDARD = gnu99;
				GCC_DYNAMIC_NO_PIC = NO;
				GCC_OPTIMIZATION_LEVEL = 0;
				GCC_PREPROCESSOR_DEFINITIONS = (
					"DEBUG=1",
					"$(inherited)",
				);
				GCC_SYMBOLS_PRIVATE_EXTERN = NO;
				GCC_WARN_64_TO_32_BIT_CONVERSION = YES;
				GCC_WARN_ABOUT_RETURN_TYPE = YES_ERROR;
				GCC_WARN_UNDECLARED_SELECTOR = YES;
				GCC_WARN_UNINITIALIZED_AUTOS = YES_AGGRESSIVE;
				GCC_WARN_UNUSED_FUNCTION = YES;
				GCC_WARN_UNUSED_VARIABLE = YES;
				IPHONEOS_DEPLOYMENT_TARGET = 7.1;
				ONLY_ACTIVE_ARCH = YES;
				SDKROOT = iphoneos;
			};
			name = Debug;
		};
		8451E97E1979D2BE00D735BB /* Release */ = {
			isa = XCBuildConfiguration;
			buildSettings = {
				ALWAYS_SEARCH_USER_PATHS = NO;
				CLANG_CXX_LANGUAGE_STANDARD = "gnu++0x";
				CLANG_CXX_LIBRARY = "libc++";
				CLANG_ENABLE_MODULES = YES;
				CLANG_ENABLE_OBJC_ARC = YES;
				CLANG_WARN_BOOL_CONVERSION = YES;
				CLANG_WARN_CONSTANT_CONVERSION = YES;
				CLANG_WARN_DIRECT_OBJC_ISA_USAGE = YES_ERROR;
				CLANG_WARN_EMPTY_BODY = YES;
				CLANG_WARN_ENUM_CONVERSION = YES;
				CLANG_WARN_INT_CONVERSION = YES;
				CLANG_WARN_OBJC_ROOT_CLASS = YES_ERROR;
				CLANG_WARN__DUPLICATE_METHOD_MATCH = YES;
				"CODE_SIGN_IDENTITY[sdk=iphoneos*]" = "iPhone Developer";
				COPY_PHASE_STRIP = YES;
				ENABLE_NS_ASSERTIONS = NO;
				GCC_C_LANGUAGE_STANDARD = gnu99;
				GCC_WARN_64_TO_32_BIT_CONVERSION = YES;
				GCC_WARN_ABOUT_RETURN_TYPE = YES_ERROR;
				GCC_WARN_UNDECLARED_SELECTOR = YES;
				GCC_WARN_UNINITIALIZED_AUTOS = YES_AGGRESSIVE;
				GCC_WARN_UNUSED_FUNCTION = YES;
				GCC_WARN_UNUSED_VARIABLE = YES;
				IPHONEOS_DEPLOYMENT_TARGET = 7.1;
				SDKROOT = iphoneos;
				VALIDATE_PRODUCT = YES;
			};
			name = Release;
		};
		8451E9801979D2BE00D735BB /* Debug */ = {
			isa = XCBuildConfiguration;
			baseConfigurationReference = 3B1BA925A62F42EA913ABE1B /* Pods.xcconfig */;
			buildSettings = {
				ASSETCATALOG_COMPILER_APPICON_NAME = AppIcon;
				ASSETCATALOG_COMPILER_LAUNCHIMAGE_NAME = LaunchImage;
				CODE_SIGN_IDENTITY = "iPhone Developer";
				"CODE_SIGN_IDENTITY[sdk=iphoneos*]" = "iPhone Developer";
				GCC_PRECOMPILE_PREFIX_HEADER = YES;
				GCC_PREFIX_HEADER = "jooblix/jooblix-Prefix.pch";
				INFOPLIST_FILE = "jooblix/jooblix-Info.plist";
				PRODUCT_NAME = "$(TARGET_NAME)";
				PROVISIONING_PROFILE = "";
				WRAPPER_EXTENSION = app;
			};
			name = Debug;
		};
		8451E9811979D2BE00D735BB /* Release */ = {
			isa = XCBuildConfiguration;
			baseConfigurationReference = 3B1BA925A62F42EA913ABE1B /* Pods.xcconfig */;
			buildSettings = {
				ASSETCATALOG_COMPILER_APPICON_NAME = AppIcon;
				ASSETCATALOG_COMPILER_LAUNCHIMAGE_NAME = LaunchImage;
				CODE_SIGN_IDENTITY = "iPhone Developer";
				"CODE_SIGN_IDENTITY[sdk=iphoneos*]" = "iPhone Developer";
				GCC_PRECOMPILE_PREFIX_HEADER = YES;
				GCC_PREFIX_HEADER = "jooblix/jooblix-Prefix.pch";
				INFOPLIST_FILE = "jooblix/jooblix-Info.plist";
				PRODUCT_NAME = "$(TARGET_NAME)";
				PROVISIONING_PROFILE = "";
				WRAPPER_EXTENSION = app;
			};
			name = Release;
		};
		8451E9831979D2BE00D735BB /* Debug */ = {
			isa = XCBuildConfiguration;
			buildSettings = {
				BUNDLE_LOADER = "$(BUILT_PRODUCTS_DIR)/jooblix.app/jooblix";
				FRAMEWORK_SEARCH_PATHS = (
					"$(SDKROOT)/Developer/Library/Frameworks",
					"$(inherited)",
					"$(DEVELOPER_FRAMEWORKS_DIR)",
				);
				GCC_PRECOMPILE_PREFIX_HEADER = YES;
				GCC_PREFIX_HEADER = "jooblix/jooblix-Prefix.pch";
				GCC_PREPROCESSOR_DEFINITIONS = (
					"DEBUG=1",
					"$(inherited)",
				);
				INFOPLIST_FILE = "jooblixTests/jooblixTests-Info.plist";
				PRODUCT_NAME = "$(TARGET_NAME)";
				TEST_HOST = "$(BUNDLE_LOADER)";
				WRAPPER_EXTENSION = xctest;
			};
			name = Debug;
		};
		8451E9841979D2BE00D735BB /* Release */ = {
			isa = XCBuildConfiguration;
			buildSettings = {
				BUNDLE_LOADER = "$(BUILT_PRODUCTS_DIR)/jooblix.app/jooblix";
				FRAMEWORK_SEARCH_PATHS = (
					"$(SDKROOT)/Developer/Library/Frameworks",
					"$(inherited)",
					"$(DEVELOPER_FRAMEWORKS_DIR)",
				);
				GCC_PRECOMPILE_PREFIX_HEADER = YES;
				GCC_PREFIX_HEADER = "jooblix/jooblix-Prefix.pch";
				INFOPLIST_FILE = "jooblixTests/jooblixTests-Info.plist";
				PRODUCT_NAME = "$(TARGET_NAME)";
				TEST_HOST = "$(BUNDLE_LOADER)";
				WRAPPER_EXTENSION = xctest;
			};
			name = Release;
		};
/* End XCBuildConfiguration section */

/* Begin XCConfigurationList section */
		8451E9481979D2BE00D735BB /* Build configuration list for PBXProject "jooblix" */ = {
			isa = XCConfigurationList;
			buildConfigurations = (
				8451E97D1979D2BE00D735BB /* Debug */,
				8451E97E1979D2BE00D735BB /* Release */,
			);
			defaultConfigurationIsVisible = 0;
			defaultConfigurationName = Release;
		};
		8451E97F1979D2BE00D735BB /* Build configuration list for PBXNativeTarget "jooblix" */ = {
			isa = XCConfigurationList;
			buildConfigurations = (
				8451E9801979D2BE00D735BB /* Debug */,
				8451E9811979D2BE00D735BB /* Release */,
			);
			defaultConfigurationIsVisible = 0;
			defaultConfigurationName = Release;
		};
		8451E9821979D2BE00D735BB /* Build configuration list for PBXNativeTarget "jooblixTests" */ = {
			isa = XCConfigurationList;
			buildConfigurations = (
				8451E9831979D2BE00D735BB /* Debug */,
				8451E9841979D2BE00D735BB /* Release */,
			);
			defaultConfigurationIsVisible = 0;
			defaultConfigurationName = Release;
		};
/* End XCConfigurationList section */

/* Begin XCVersionGroup section */
		84303248197BBB7A00E8FEF7 /* Model.xcdatamodeld */ = {
			isa = XCVersionGroup;
			children = (
				84303249197BBB7A00E8FEF7 /* Model.xcdatamodel */,
			);
			currentVersion = 84303249197BBB7A00E8FEF7 /* Model.xcdatamodel */;
			path = Model.xcdatamodeld;
			sourceTree = "<group>";
			versionGroupType = wrapper.xcdatamodel;
		};
/* End XCVersionGroup section */
	};
	rootObject = 8451E9451979D2BE00D735BB /* Project object */;
}
